
Microsoft Visual Studio Solution File, Format Version 12.00
# Visual Studio Version 17
VisualStudioVersion = 17.0.32112.339
MinimumVisualStudioVersion = 10.0.40219.1
Project("{9A19103F-16F7-4668-BE54-9A1E7A4F7556}") = "LDI_Assessment", "LDI_Assessment\LDI_Assessment.csproj", "{6B650003-900A-4998-94B4-CDB3533F7ADB}"
EndProject
Global
	GlobalSection(SolutionConfigurationPlatforms) = preSolution
		Debug|Any CPU = Debug|Any CPU
		Release|Any CPU = Release|Any CPU
	EndGlobalSection
	GlobalSection(ProjectConfigurationPlatforms) = postSolution
		{6B650003-900A-4998-94B4-CDB3533F7ADB}.Debug|Any CPU.ActiveCfg = Debug|Any CPU
		{6B650003-900A-4998-94B4-CDB3533F7ADB}.Debug|Any CPU.Build.0 = Debug|Any CPU
		{6B650003-900A-4998-94B4-CDB3533F7ADB}.Release|Any CPU.ActiveCfg = Release|Any CPU
		{6B650003-900A-4998-94B4-CDB3533F7ADB}.Release|Any CPU.Build.0 = Release|Any CPU
	EndGlobalSection
	GlobalSection(SolutionProperties) = preSolution
		HideSolutionNode = FALSE
	EndGlobalSection
	GlobalSection(ExtensibilityGlobals) = postSolution
		SolutionGuid = {53A99DA1-8CB8-4852-B8B6-2FBE79DE8D73}
	EndGlobalSection
EndGlobal
